{
  "lockfileVersion": 2,
  "configVersion": 1,
  "workspaces": {
    "": {
      "name": "nixfredos-voice-talk",
      "dependencies": {
        "sherpa-onnx-node": "1.13.8",
      },
      "devDependencies": {
        "@types/bun": "latest",
        "typescript": "^5.6.0",
      },
    },
  },
  "packages": {
    "@types/bun": ["@types/bun@1.4.2", "", { "dependencies": { "bun-types": "1.4.2" } }, "sha512-GimotNn7+ZV0uVArItBbriZsR1oNf0+WTzPkdcFrzShI7k2norL0uzEaJT8T33dWr7O/c9ZDuAFQrctKCi72oQ=="],

    "@types/node": ["@types/node@26.6.4", "", { "dependencies": { "undici-types": "~8.9.0" } }, "sha512-ldVPDCzj7fsaGZrLB0NuHuTvJcsNasysBAqMolr/cgxrLd1xbqxIr3XJiPnHHJUCxj5sNF1vnRj9aWnrVh5Jcg=="],

    "bun-types": ["bun-types@1.4.2", "", { "dependencies": { "@types/node": "*" } }, "sha512-bxV1FgK7yBIzjRe5zBozIM4Bem11ZJcCXSrjWRG3YWLt8yFDePu4cLjpebO8OvPeIE9trbyPF4fuj3Cia4Fj3w=="],

    "sherpa-onnx-darwin-arm64": ["sherpa-onnx-darwin-arm64@1.13.8", "", { "os": "darwin", "cpu": "arm64" }, "sha512-FPNgJMgnWVl/KhRTIhG3KL3A4Om63Rn4YKXc9/uHY7SzLcvqLJLc/h7UBWJwduXvv7K18t5NpxHR6XgXn4sjWw=="],

    "sherpa-onnx-darwin-x64": ["sherpa-onnx-darwin-x64@1.13.8", "", { "os": "darwin", "cpu": "x64" }, "sha512-7BLRpjM6w4f9W46/nmkmq8lEKUayhebvcpslCVQ+6QN2uReYlZEMDZlSpXMjme+hUFrPfRz8P3UNq8ep/4d19g=="],

    "sherpa-onnx-linux-arm64": ["sherpa-onnx-linux-arm64@1.13.8", "", { "os": "linux", "cpu": "arm64" }, "sha512-Tlg7a70b/Wge3OF8IgTHF9jhSVCsLyKQKhwc4BsJ5A+dL/SrFtGBjzuHp4XeLhiiOT7afCxX5PdSn/D4c8Lnuw=="],

    "sherpa-onnx-linux-x64": ["sherpa-onnx-linux-x64@1.13.8", "", { "os": "linux", "cpu": "x64" }, "sha512-6plnhjagsSeTntCgnlag86hWbs/uZE9Crms1LgOb68/1nKsIQjMd+WG519m+aPwT6TrsBOiEMzrx41t8sL5L5g=="],

    "sherpa-onnx-node": ["sherpa-onnx-node@1.13.8", "", { "optionalDependencies": { "sherpa-onnx-darwin-arm64": "^1.13.8", "sherpa-onnx-darwin-x64": "^1.13.8", "sherpa-onnx-linux-arm64": "^1.13.8", "sherpa-onnx-linux-x64": "^1.13.8", "sherpa-onnx-win-ia32": "^1.13.8", "sherpa-onnx-win-x64": "^1.13.8" } }, "sha512-MsDMBdhLFTZ1GwvcGSSQhnS7g/EA8OMH6IYysCVUOM7j8Icty9KRc0E6YT1A5fWBsZwRfKOeh88QC95aRvS8ag=="],

    "sherpa-onnx-win-ia32": ["sherpa-onnx-win-ia32@1.13.8", "", { "os": "win32", "cpu": "ia32" }, "sha512-H0Ojln9hfvM+pxWqW0cnjB/XK8/JPq4/k0IWu2JpY5Z458M3zv+XC3Hu+wmot3AoH/K1Bgt23n/tTKtPV9x8qg=="],

    "sherpa-onnx-win-x64": ["sherpa-onnx-win-x64@1.13.8", "", { "os": "win32", "cpu": "x64" }, "sha512-oZF1c9VPOKtMwn83Bboc5XSWL+76BRoyB3eUuVnCknBKxwSULZU2Foia9VHWzU+n4I12rPsP6z6H9Rp1hD9o8g=="],

    "typescript": ["typescript@5.9.3", "", { "bin": { "tsc": "bin/tsc", "tsserver": "bin/tsserver" } }, "sha512-jl1vZzPDinLr9eUt3J/t7V6FgNEw9QjvBPdysz9KfQDD41fQrC2Y4vKQdiaUpFT4bXlb1RHhLpp8wtm6M5TgSw=="],

    "undici-types": ["undici-types@8.9.0", "", {}, "sha512-KTDyRTYX8sWmKXAikPHHSyc63CRPETMctyjKFupcC6OBLXT3xsN0e9aF7m+mIXutFWpUXuedtowG7iLOzp0kQg=="],
  }
}
